
Microsoft Visual Studio Solution File, Format Version 12.00
# Visual Studio Version 16
VisualStudioVersion = 16.0.29503.13
MinimumVisualStudioVersion = 10.0.40219.1
Project("{D954291E-2A0B-460D-934E-DC6B0785DB48}") = "FCSCommon", "FCSCommon\FCSCommon.shproj", "{DBC34043-0F09-42EF-BEB9-F59CBC6DF16F}"
EndProject
Project("{FAE04EC0-301F-11D3-BF4B-00C04F79EFBC}") = "FCSPowerStorage", "FCSPowerStorage\FCSPowerStorage.csproj", "{32A3F9B5-9089-4478-B706-952B706F08DA}"
EndProject
Project("{FAE04EC0-301F-11D3-BF4B-00C04F79EFBC}") = "FCSAlterraShipping", "FCSAlterraShipping\FCSAlterraShipping.csproj", "{8ADCD8FA-1EB3-4DF7-A44D-F689322AAC03}"
EndProject
Project("{FAE04EC0-301F-11D3-BF4B-00C04F79EFBC}") = "FCS_AIMarineTurbine", "FCS_AIJetStreamT242\FCS_AIMarineTurbine.csproj", "{A6D5F567-127A-4EE3-9959-8C228B040290}"
EndProject
Project("{FAE04EC0-301F-11D3-BF4B-00C04F79EFBC}") = "FCStudioDebugger", "FCStudioDebugger\FCStudioDebugger.csproj", "{B260A268-5873-4147-953C-1EF67A65CB4E}"
EndProject
Project("{FAE04EC0-301F-11D3-BF4B-00C04F79EFBC}") = "ARS_SeaBreezeFCS32", "ARS_SeaBreezeFCS32\ARS_SeaBreezeFCS32.csproj", "{4963C014-F97E-4124-B3C7-9F7BB790E1BF}"
EndProject
Project("{FAE04EC0-301F-11D3-BF4B-00C04F79EFBC}") = "AMMiniMedBay", "AMMiniMedBay\AMMiniMedBay.csproj", "{FFA8C60F-F2D5-461C-BBD2-17E35A013FDF}"
EndProject
Project("{FAE04EC0-301F-11D3-BF4B-00C04F79EFBC}") = "FCSAIPowerCellSocket", "FCSAIPowerCellSocket\FCSAIPowerCellSocket.csproj", "{CD77B27C-8AAB-4CA4-9CDF-93A4688942AB}"
EndProject
Project("{FAE04EC0-301F-11D3-BF4B-00C04F79EFBC}") = "FCS_DeepDriller", "FCS_DeepDriller\FCS_DeepDriller.csproj", "{61D8BA15-EE91-4245-BFC1-70064ADD23E0}"
EndProject
Project("{2150E333-8FDC-42A3-9474-1A3956D46DE8}") = "Alterra Industrial Solutions", "Alterra Industrial Solutions", "{BB083365-CF95-4763-BF65-8338CA68196D}"
EndProject
Project("{2150E333-8FDC-42A3-9474-1A3956D46DE8}") = "Alterra Shipping Solutions", "Alterra Shipping Solutions", "{AD76B8B7-4004-4D73-AFFA-41EE1F6DB241}"
EndProject
Project("{2150E333-8FDC-42A3-9474-1A3956D46DE8}") = "Alterra Medical Solutions", "Alterra Medical Solutions", "{E2AD5E97-7843-49E2-A9B3-3CD79E463FA0}"
EndProject
Project("{2150E333-8FDC-42A3-9474-1A3956D46DE8}") = "Tools", "Tools", "{6E36DA48-6498-4C58-8BF6-85923E5F6460}"
EndProject
Project("{2150E333-8FDC-42A3-9474-1A3956D46DE8}") = "Alterra Refrigeration Solutions", "Alterra Refrigeration Solutions", "{F921AD09-63FB-40E2-9442-3103617543F3}"
EndProject
Project("{2150E333-8FDC-42A3-9474-1A3956D46DE8}") = "Solution Master", "Solution Master", "{EF09DBF9-7AA5-4782-B27B-7C67D1FF8B68}"
EndProject
Project("{2150E333-8FDC-42A3-9474-1A3956D46DE8}") = "Alterra Storage Solutions", "Alterra Storage Solutions", "{3FD179AD-5C6F-4627-B5BB-D6B6CD72E1FF}"
EndProject
Project("{FAE04EC0-301F-11D3-BF4B-00C04F79EFBC}") = "ExStorageDepot", "ExStorageDepot\ExStorageDepot.csproj", "{49B14137-1EC0-40FB-8AEF-E5C13D7CDFB9}"
EndProject
Project("{2150E333-8FDC-42A3-9474-1A3956D46DE8}") = "Misc Mods", "Misc Mods", "{0B894656-1BA7-4F41-9311-D1C8D4F0D4CF}"
EndProject
Project("{FAE04EC0-301F-11D3-BF4B-00C04F79EFBC}") = "HorizontalDuck", "HorizontalDuck\HorizontalDuck.csproj", "{C801C28B-81CB-451F-94B4-251835D2B92A}"
EndProject
Project("{2150E333-8FDC-42A3-9474-1A3956D46DE8}") = "Alterra Electronics", "Alterra Electronics", "{AA6F6314-8329-4CB3-BD62-2D210717D94B}"
EndProject
Project("{FAE04EC0-301F-11D3-BF4B-00C04F79EFBC}") = "FabCraft", "FabCraft\FabCraft.csproj", "{3B9555C0-92BA-4604-82FB-D08B2F4A48CB}"
EndProject
Project("{FAE04EC0-301F-11D3-BF4B-00C04F79EFBC}") = "SeaCooker", "SeaCooker\SeaCooker.csproj", "{17C65A8B-851E-4B42-B946-EC63FF3165E9}"
EndProject
Project("{FAE04EC0-301F-11D3-BF4B-00C04F79EFBC}") = "HabitatSystemsPanel", "HabitatSystemsPanel\HabitatSystemsPanel.csproj", "{1CA339DE-4500-48DB-810C-B2ACD0A35E4F}"
EndProject
Project("{FAE04EC0-301F-11D3-BF4B-00C04F79EFBC}") = "QuantumTeleporter", "QuantumTeleporter\QuantumTeleporter.csproj", "{4EF5761A-8A89-430E-A0C7-5D9404C86FB8}"
EndProject
Project("{FAE04EC0-301F-11D3-BF4B-00C04F79EFBC}") = "FCSTechFabricator", "FCSTechFabricator\FCSTechFabricator.csproj", "{5EF4ADB8-3AE7-41EC-83E1-1DAF04999F0E}"
EndProject
Project("{FAE04EC0-301F-11D3-BF4B-00C04F79EFBC}") = "MiniFountainFilter", "MiniFountainFilter\MiniFountainFilter.csproj", "{3E004A5F-6506-40FF-B4A4-6F2E330E07F5}"
EndProject
Project("{2150E333-8FDC-42A3-9474-1A3956D46DE8}") = "Scripting Mods", "Scripting Mods", "{415346D1-ED99-46DE-B7FE-85B6F311658D}"
EndProject
Project("{FAE04EC0-301F-11D3-BF4B-00C04F79EFBC}") = "DropAllOnDeath", "DropAllOnDeath\DropAllOnDeath.csproj", "{01458C4E-3F9D-40A9-AEE5-8CF41FB28A3F}"
EndProject
Project("{FAE04EC0-301F-11D3-BF4B-00C04F79EFBC}") = "GasPodCollector", "GasPodCollector\GasPodCollector.csproj", "{427AFE80-762C-47AE-81CE-65701AE8E06F}"
EndProject
Project("{FAE04EC0-301F-11D3-BF4B-00C04F79EFBC}") = "FireExtinguisherHolder", "FireExtinguisherHolder\FireExtinguisherHolder.csproj", "{893260B0-B246-44FF-B0A3-01C4500332E2}"
EndProject
Project("{FAE04EC0-301F-11D3-BF4B-00C04F79EFBC}") = "FCSDemo", "FCSDemo\FCSDemo.csproj", "{A698FF65-E6F7-4924-A84E-F96C81F4D98E}"
EndProject
Project("{D954291E-2A0B-460D-934E-DC6B0785DB48}") = "SMLHelper", "J:\Documents\Repos\SMLHelper\SMLHelper\SMLHelper.shproj", "{8BE2EE17-2FAD-4E56-BF48-F9DEF4880348}"
EndProject
Project("{FAE04EC0-301F-11D3-BF4B-00C04F79EFBC}") = "OxStation", "OxStation\OxStation.csproj", "{2AF5E457-E1AF-4BEF-9681-D8138517765E}"
EndProject
Project("{FAE04EC0-301F-11D3-BF4B-00C04F79EFBC}") = "FCS_HydroponicHarvesters", "FCS_HydroponicHarvesters\FCS_HydroponicHarvesters.csproj", "{F6CC8851-B7EF-41C1-B847-37638356D5C7}"
EndProject
Project("{2150E333-8FDC-42A3-9474-1A3956D46DE8}") = "OxStation Mods", "OxStation Mods", "{2FA5979D-4946-4A08-B082-0CCEFA931FB1}"
EndProject
Project("{FAE04EC0-301F-11D3-BF4B-00C04F79EFBC}") = "OxStationVehiclesModules", "OxStationVehiclesModules\OxStationVehiclesModules.csproj", "{6D00D0EC-B7CA-4824-9B06-59925FFEDE10}"
EndProject
Project("{FAE04EC0-301F-11D3-BF4B-00C04F79EFBC}") = "OxStationCyclopsModule", "OxStationCyclopsModule\OxStationCyclopsModule.csproj", "{5A09FD61-C35F-4DD1-97B3-8E51F055F0F9}"
EndProject
Project("{FAE04EC0-301F-11D3-BF4B-00C04F79EFBC}") = "DataStorageSolutions", "DataStorageSolutions\DataStorageSolutions.csproj", "{3F6924BA-1F59-4884-823E-CB993D32341C}"
EndProject
Global
	GlobalSection(SharedMSBuildProjectFiles) = preSolution
		FCSCommon\FCSCommon.projitems*{01458c4e-3f9d-40a9-aee5-8cf41fb28a3f}*SharedItemsImports = 4
		FCSCommon\FCSCommon.projitems*{17c65a8b-851e-4b42-b946-ec63ff3165e9}*SharedItemsImports = 4
		FCSCommon\FCSCommon.projitems*{2af5e457-e1af-4bef-9681-d8138517765e}*SharedItemsImports = 4
		FCSCommon\FCSCommon.projitems*{32a3f9b5-9089-4478-b706-952b706f08da}*SharedItemsImports = 4
		FCSCommon\FCSCommon.projitems*{3e004a5f-6506-40ff-b4a4-6f2e330e07f5}*SharedItemsImports = 4
		FCSCommon\FCSCommon.projitems*{3f6924ba-1f59-4884-823e-cb993d32341c}*SharedItemsImports = 4
		FCSCommon\FCSCommon.projitems*{427afe80-762c-47ae-81ce-65701ae8e06f}*SharedItemsImports = 4
		FCSCommon\FCSCommon.projitems*{4963c014-f97e-4124-b3c7-9f7bb790e1bf}*SharedItemsImports = 4
		FCSCommon\FCSCommon.projitems*{49b14137-1ec0-40fb-8aef-e5c13d7cdfb9}*SharedItemsImports = 4
		FCSCommon\FCSCommon.projitems*{4ef5761a-8a89-430e-a0c7-5d9404c86fb8}*SharedItemsImports = 4
		FCSCommon\FCSCommon.projitems*{5a09fd61-c35f-4dd1-97b3-8e51f055f0f9}*SharedItemsImports = 4
		FCSCommon\FCSCommon.projitems*{5ef4adb8-3ae7-41ec-83e1-1daf04999f0e}*SharedItemsImports = 4
		FCSCommon\FCSCommon.projitems*{61d8ba15-ee91-4245-bfc1-70064add23e0}*SharedItemsImports = 4
		FCSCommon\FCSCommon.projitems*{6d00d0ec-b7ca-4824-9b06-59925ffede10}*SharedItemsImports = 4
		FCSCommon\FCSCommon.projitems*{893260b0-b246-44ff-b0a3-01c4500332e2}*SharedItemsImports = 4
		FCSCommon\FCSCommon.projitems*{8adcd8fa-1eb3-4df7-a44d-f689322aac03}*SharedItemsImports = 4
		J:\Documents\Repos\SMLHelper\SMLHelper\SMLHelper.projitems*{8be2ee17-2fad-4e56-bf48-f9def4880348}*SharedItemsImports = 13
		FCSCommon\FCSCommon.projitems*{a698ff65-e6f7-4924-a84e-f96c81f4d98e}*SharedItemsImports = 4
		FCSCommon\FCSCommon.projitems*{a6d5f567-127a-4ee3-9959-8c228b040290}*SharedItemsImports = 4
		FCSCommon\FCSCommon.projitems*{b260a268-5873-4147-953c-1ef67a65cb4e}*SharedItemsImports = 4
		FCSCommon\FCSCommon.projitems*{c801c28b-81cb-451f-94b4-251835d2b92a}*SharedItemsImports = 4
		FCSCommon\FCSCommon.projitems*{cd77b27c-8aab-4ca4-9cdf-93a4688942ab}*SharedItemsImports = 4
		FCSCommon\FCSCommon.projitems*{dbc34043-0f09-42ef-beb9-f59cbc6df16f}*SharedItemsImports = 13
		FCSCommon\FCSCommon.projitems*{f6cc8851-b7ef-41c1-b847-37638356d5c7}*SharedItemsImports = 4
		FCSCommon\FCSCommon.projitems*{ffa8c60f-f2d5-461c-bbd2-17e35a013fdf}*SharedItemsImports = 4
	EndGlobalSection
	GlobalSection(SolutionConfigurationPlatforms) = preSolution
		BelowZero_Debug|Any CPU = BelowZero_Debug|Any CPU
		BelowZero_Release|Any CPU = BelowZero_Release|Any CPU
		Debug|Any CPU = Debug|Any CPU
		Release|Any CPU = Release|Any CPU
		Subnautica_Debug|Any CPU = Subnautica_Debug|Any CPU
		Subnautica_Release|Any CPU = Subnautica_Release|Any CPU
	EndGlobalSection
	GlobalSection(ProjectConfigurationPlatforms) = postSolution
		{32A3F9B5-9089-4478-B706-952B706F08DA}.BelowZero_Debug|Any CPU.ActiveCfg = BelowZero_Debug|Any CPU
		{32A3F9B5-9089-4478-B706-952B706F08DA}.BelowZero_Debug|Any CPU.Build.0 = BelowZero_Debug|Any CPU
		{32A3F9B5-9089-4478-B706-952B706F08DA}.BelowZero_Release|Any CPU.ActiveCfg = BelowZero_Release|Any CPU
		{32A3F9B5-9089-4478-B706-952B706F08DA}.BelowZero_Release|Any CPU.Build.0 = BelowZero_Release|Any CPU
		{32A3F9B5-9089-4478-B706-952B706F08DA}.Debug|Any CPU.ActiveCfg = Subnautica_Debug|Any CPU
		{32A3F9B5-9089-4478-B706-952B706F08DA}.Debug|Any CPU.Build.0 = Subnautica_Debug|Any CPU
		{32A3F9B5-9089-4478-B706-952B706F08DA}.Release|Any CPU.ActiveCfg = Subnautica_Release|Any CPU
		{32A3F9B5-9089-4478-B706-952B706F08DA}.Release|Any CPU.Build.0 = Subnautica_Release|Any CPU
		{32A3F9B5-9089-4478-B706-952B706F08DA}.Subnautica_Debug|Any CPU.ActiveCfg = Subnautica_Debug|Any CPU
		{32A3F9B5-9089-4478-B706-952B706F08DA}.Subnautica_Debug|Any CPU.Build.0 = Subnautica_Debug|Any CPU
		{32A3F9B5-9089-4478-B706-952B706F08DA}.Subnautica_Release|Any CPU.ActiveCfg = Subnautica_Release|Any CPU
		{32A3F9B5-9089-4478-B706-952B706F08DA}.Subnautica_Release|Any CPU.Build.0 = Subnautica_Release|Any CPU
		{8ADCD8FA-1EB3-4DF7-A44D-F689322AAC03}.BelowZero_Debug|Any CPU.ActiveCfg = BelowZero_Debug|Any CPU
		{8ADCD8FA-1EB3-4DF7-A44D-F689322AAC03}.BelowZero_Debug|Any CPU.Build.0 = BelowZero_Debug|Any CPU
		{8ADCD8FA-1EB3-4DF7-A44D-F689322AAC03}.BelowZero_Release|Any CPU.ActiveCfg = BelowZero_Release|Any CPU
		{8ADCD8FA-1EB3-4DF7-A44D-F689322AAC03}.BelowZero_Release|Any CPU.Build.0 = BelowZero_Release|Any CPU
		{8ADCD8FA-1EB3-4DF7-A44D-F689322AAC03}.Debug|Any CPU.ActiveCfg = Subnautica_Debug|Any CPU
		{8ADCD8FA-1EB3-4DF7-A44D-F689322AAC03}.Debug|Any CPU.Build.0 = Subnautica_Debug|Any CPU
		{8ADCD8FA-1EB3-4DF7-A44D-F689322AAC03}.Release|Any CPU.ActiveCfg = Subnautica_Release|Any CPU
		{8ADCD8FA-1EB3-4DF7-A44D-F689322AAC03}.Release|Any CPU.Build.0 = Subnautica_Release|Any CPU
		{8ADCD8FA-1EB3-4DF7-A44D-F689322AAC03}.Subnautica_Debug|Any CPU.ActiveCfg = Subnautica_Debug|Any CPU
		{8ADCD8FA-1EB3-4DF7-A44D-F689322AAC03}.Subnautica_Debug|Any CPU.Build.0 = Subnautica_Debug|Any CPU
		{8ADCD8FA-1EB3-4DF7-A44D-F689322AAC03}.Subnautica_Release|Any CPU.ActiveCfg = Subnautica_Release|Any CPU
		{8ADCD8FA-1EB3-4DF7-A44D-F689322AAC03}.Subnautica_Release|Any CPU.Build.0 = Subnautica_Release|Any CPU
		{A6D5F567-127A-4EE3-9959-8C228B040290}.BelowZero_Debug|Any CPU.ActiveCfg = BelowZero_Debug|Any CPU
		{A6D5F567-127A-4EE3-9959-8C228B040290}.BelowZero_Debug|Any CPU.Build.0 = BelowZero_Debug|Any CPU
		{A6D5F567-127A-4EE3-9959-8C228B040290}.BelowZero_Release|Any CPU.ActiveCfg = BelowZero_Release|Any CPU
		{A6D5F567-127A-4EE3-9959-8C228B040290}.BelowZero_Release|Any CPU.Build.0 = BelowZero_Release|Any CPU
		{A6D5F567-127A-4EE3-9959-8C228B040290}.Debug|Any CPU.ActiveCfg = Subnautica_Debug|Any CPU
		{A6D5F567-127A-4EE3-9959-8C228B040290}.Debug|Any CPU.Build.0 = Subnautica_Debug|Any CPU
		{A6D5F567-127A-4EE3-9959-8C228B040290}.Release|Any CPU.ActiveCfg = Subnautica_Release|Any CPU
		{A6D5F567-127A-4EE3-9959-8C228B040290}.Release|Any CPU.Build.0 = Subnautica_Release|Any CPU
		{A6D5F567-127A-4EE3-9959-8C228B040290}.Subnautica_Debug|Any CPU.ActiveCfg = Subnautica_Debug|Any CPU
		{A6D5F567-127A-4EE3-9959-8C228B040290}.Subnautica_Debug|Any CPU.Build.0 = Subnautica_Debug|Any CPU
		{A6D5F567-127A-4EE3-9959-8C228B040290}.Subnautica_Release|Any CPU.ActiveCfg = Subnautica_Release|Any CPU
		{A6D5F567-127A-4EE3-9959-8C228B040290}.Subnautica_Release|Any CPU.Build.0 = Subnautica_Release|Any CPU
		{B260A268-5873-4147-953C-1EF67A65CB4E}.BelowZero_Debug|Any CPU.ActiveCfg = BelowZero_Debug|Any CPU
		{B260A268-5873-4147-953C-1EF67A65CB4E}.BelowZero_Debug|Any CPU.Build.0 = BelowZero_Debug|Any CPU
		{B260A268-5873-4147-953C-1EF67A65CB4E}.BelowZero_Release|Any CPU.ActiveCfg = BelowZero_Release|Any CPU
		{B260A268-5873-4147-953C-1EF67A65CB4E}.BelowZero_Release|Any CPU.Build.0 = BelowZero_Release|Any CPU
		{B260A268-5873-4147-953C-1EF67A65CB4E}.Debug|Any CPU.ActiveCfg = Subnautica_Debug|Any CPU
		{B260A268-5873-4147-953C-1EF67A65CB4E}.Debug|Any CPU.Build.0 = Subnautica_Debug|Any CPU
		{B260A268-5873-4147-953C-1EF67A65CB4E}.Release|Any CPU.ActiveCfg = Subnautica_Release|Any CPU
		{B260A268-5873-4147-953C-1EF67A65CB4E}.Release|Any CPU.Build.0 = Subnautica_Release|Any CPU
		{B260A268-5873-4147-953C-1EF67A65CB4E}.Subnautica_Debug|Any CPU.ActiveCfg = Subnautica_Debug|Any CPU
		{B260A268-5873-4147-953C-1EF67A65CB4E}.Subnautica_Debug|Any CPU.Build.0 = Subnautica_Debug|Any CPU
		{B260A268-5873-4147-953C-1EF67A65CB4E}.Subnautica_Release|Any CPU.ActiveCfg = Subnautica_Release|Any CPU
		{B260A268-5873-4147-953C-1EF67A65CB4E}.Subnautica_Release|Any CPU.Build.0 = Subnautica_Release|Any CPU
		{4963C014-F97E-4124-B3C7-9F7BB790E1BF}.BelowZero_Debug|Any CPU.ActiveCfg = BelowZero_Debug|Any CPU
		{4963C014-F97E-4124-B3C7-9F7BB790E1BF}.BelowZero_Debug|Any CPU.Build.0 = BelowZero_Debug|Any CPU
		{4963C014-F97E-4124-B3C7-9F7BB790E1BF}.BelowZero_Release|Any CPU.ActiveCfg = BelowZero_Release|Any CPU
		{4963C014-F97E-4124-B3C7-9F7BB790E1BF}.BelowZero_Release|Any CPU.Build.0 = BelowZero_Release|Any CPU
		{4963C014-F97E-4124-B3C7-9F7BB790E1BF}.Debug|Any CPU.ActiveCfg = Subnautica_Debug|Any CPU
		{4963C014-F97E-4124-B3C7-9F7BB790E1BF}.Debug|Any CPU.Build.0 = Subnautica_Debug|Any CPU
		{4963C014-F97E-4124-B3C7-9F7BB790E1BF}.Release|Any CPU.ActiveCfg = Subnautica_Release|Any CPU
		{4963C014-F97E-4124-B3C7-9F7BB790E1BF}.Release|Any CPU.Build.0 = Subnautica_Release|Any CPU
		{4963C014-F97E-4124-B3C7-9F7BB790E1BF}.Subnautica_Debug|Any CPU.ActiveCfg = Subnautica_Debug|Any CPU
		{4963C014-F97E-4124-B3C7-9F7BB790E1BF}.Subnautica_Debug|Any CPU.Build.0 = Subnautica_Debug|Any CPU
		{4963C014-F97E-4124-B3C7-9F7BB790E1BF}.Subnautica_Release|Any CPU.ActiveCfg = Subnautica_Release|Any CPU
		{4963C014-F97E-4124-B3C7-9F7BB790E1BF}.Subnautica_Release|Any CPU.Build.0 = Subnautica_Release|Any CPU
		{FFA8C60F-F2D5-461C-BBD2-17E35A013FDF}.BelowZero_Debug|Any CPU.ActiveCfg = BelowZero_Debug|Any CPU
		{FFA8C60F-F2D5-461C-BBD2-17E35A013FDF}.BelowZero_Debug|Any CPU.Build.0 = BelowZero_Debug|Any CPU
		{FFA8C60F-F2D5-461C-BBD2-17E35A013FDF}.BelowZero_Release|Any CPU.ActiveCfg = BelowZero_Release|Any CPU
		{FFA8C60F-F2D5-461C-BBD2-17E35A013FDF}.BelowZero_Release|Any CPU.Build.0 = BelowZero_Release|Any CPU
		{FFA8C60F-F2D5-461C-BBD2-17E35A013FDF}.Debug|Any CPU.ActiveCfg = Subnautica_Debug|Any CPU
		{FFA8C60F-F2D5-461C-BBD2-17E35A013FDF}.Debug|Any CPU.Build.0 = Subnautica_Debug|Any CPU
		{FFA8C60F-F2D5-461C-BBD2-17E35A013FDF}.Release|Any CPU.ActiveCfg = Subnautica_Release|Any CPU
		{FFA8C60F-F2D5-461C-BBD2-17E35A013FDF}.Release|Any CPU.Build.0 = Subnautica_Release|Any CPU
		{FFA8C60F-F2D5-461C-BBD2-17E35A013FDF}.Subnautica_Debug|Any CPU.ActiveCfg = Subnautica_Debug|Any CPU
		{FFA8C60F-F2D5-461C-BBD2-17E35A013FDF}.Subnautica_Debug|Any CPU.Build.0 = Subnautica_Debug|Any CPU
		{FFA8C60F-F2D5-461C-BBD2-17E35A013FDF}.Subnautica_Release|Any CPU.ActiveCfg = Subnautica_Release|Any CPU
		{FFA8C60F-F2D5-461C-BBD2-17E35A013FDF}.Subnautica_Release|Any CPU.Build.0 = Subnautica_Release|Any CPU
		{CD77B27C-8AAB-4CA4-9CDF-93A4688942AB}.BelowZero_Debug|Any CPU.ActiveCfg = BelowZero_Debug|Any CPU
		{CD77B27C-8AAB-4CA4-9CDF-93A4688942AB}.BelowZero_Debug|Any CPU.Build.0 = BelowZero_Debug|Any CPU
		{CD77B27C-8AAB-4CA4-9CDF-93A4688942AB}.BelowZero_Release|Any CPU.ActiveCfg = BelowZero_Release|Any CPU
		{CD77B27C-8AAB-4CA4-9CDF-93A4688942AB}.BelowZero_Release|Any CPU.Build.0 = BelowZero_Release|Any CPU
		{CD77B27C-8AAB-4CA4-9CDF-93A4688942AB}.Debug|Any CPU.ActiveCfg = Subnautica_Debug|Any CPU
		{CD77B27C-8AAB-4CA4-9CDF-93A4688942AB}.Debug|Any CPU.Build.0 = Subnautica_Debug|Any CPU
		{CD77B27C-8AAB-4CA4-9CDF-93A4688942AB}.Release|Any CPU.ActiveCfg = Subnautica_Release|Any CPU
		{CD77B27C-8AAB-4CA4-9CDF-93A4688942AB}.Release|Any CPU.Build.0 = Subnautica_Release|Any CPU
		{CD77B27C-8AAB-4CA4-9CDF-93A4688942AB}.Subnautica_Debug|Any CPU.ActiveCfg = Subnautica_Debug|Any CPU
		{CD77B27C-8AAB-4CA4-9CDF-93A4688942AB}.Subnautica_Debug|Any CPU.Build.0 = Subnautica_Debug|Any CPU
		{CD77B27C-8AAB-4CA4-9CDF-93A4688942AB}.Subnautica_Release|Any CPU.ActiveCfg = Subnautica_Release|Any CPU
		{CD77B27C-8AAB-4CA4-9CDF-93A4688942AB}.Subnautica_Release|Any CPU.Build.0 = Subnautica_Release|Any CPU
		{61D8BA15-EE91-4245-BFC1-70064ADD23E0}.BelowZero_Debug|Any CPU.ActiveCfg = BelowZero_Debug|Any CPU
		{61D8BA15-EE91-4245-BFC1-70064ADD23E0}.BelowZero_Debug|Any CPU.Build.0 = BelowZero_Debug|Any CPU
		{61D8BA15-EE91-4245-BFC1-70064ADD23E0}.BelowZero_Release|Any CPU.ActiveCfg = BelowZero_Release|Any CPU
		{61D8BA15-EE91-4245-BFC1-70064ADD23E0}.BelowZero_Release|Any CPU.Build.0 = BelowZero_Release|Any CPU
		{61D8BA15-EE91-4245-BFC1-70064ADD23E0}.Debug|Any CPU.ActiveCfg = Subnautica_Debug|Any CPU
		{61D8BA15-EE91-4245-BFC1-70064ADD23E0}.Debug|Any CPU.Build.0 = Subnautica_Debug|Any CPU
		{61D8BA15-EE91-4245-BFC1-70064ADD23E0}.Release|Any CPU.ActiveCfg = Subnautica_Release|Any CPU
		{61D8BA15-EE91-4245-BFC1-70064ADD23E0}.Release|Any CPU.Build.0 = Subnautica_Release|Any CPU
		{61D8BA15-EE91-4245-BFC1-70064ADD23E0}.Subnautica_Debug|Any CPU.ActiveCfg = Subnautica_Debug|Any CPU
		{61D8BA15-EE91-4245-BFC1-70064ADD23E0}.Subnautica_Debug|Any CPU.Build.0 = Subnautica_Debug|Any CPU
		{61D8BA15-EE91-4245-BFC1-70064ADD23E0}.Subnautica_Release|Any CPU.ActiveCfg = Subnautica_Release|Any CPU
		{61D8BA15-EE91-4245-BFC1-70064ADD23E0}.Subnautica_Release|Any CPU.Build.0 = Subnautica_Release|Any CPU
		{49B14137-1EC0-40FB-8AEF-E5C13D7CDFB9}.BelowZero_Debug|Any CPU.ActiveCfg = BelowZero_Debug|Any CPU
		{49B14137-1EC0-40FB-8AEF-E5C13D7CDFB9}.BelowZero_Debug|Any CPU.Build.0 = BelowZero_Debug|Any CPU
		{49B14137-1EC0-40FB-8AEF-E5C13D7CDFB9}.BelowZero_Release|Any CPU.ActiveCfg = BelowZero_Release|Any CPU
		{49B14137-1EC0-40FB-8AEF-E5C13D7CDFB9}.BelowZero_Release|Any CPU.Build.0 = BelowZero_Release|Any CPU
		{49B14137-1EC0-40FB-8AEF-E5C13D7CDFB9}.Debug|Any CPU.ActiveCfg = Subnautica_Debug|Any CPU
		{49B14137-1EC0-40FB-8AEF-E5C13D7CDFB9}.Debug|Any CPU.Build.0 = Subnautica_Debug|Any CPU
		{49B14137-1EC0-40FB-8AEF-E5C13D7CDFB9}.Release|Any CPU.ActiveCfg = Subnautica_Release|Any CPU
		{49B14137-1EC0-40FB-8AEF-E5C13D7CDFB9}.Release|Any CPU.Build.0 = Subnautica_Release|Any CPU
		{49B14137-1EC0-40FB-8AEF-E5C13D7CDFB9}.Subnautica_Debug|Any CPU.ActiveCfg = Subnautica_Debug|Any CPU
		{49B14137-1EC0-40FB-8AEF-E5C13D7CDFB9}.Subnautica_Debug|Any CPU.Build.0 = Subnautica_Debug|Any CPU
		{49B14137-1EC0-40FB-8AEF-E5C13D7CDFB9}.Subnautica_Release|Any CPU.ActiveCfg = Subnautica_Release|Any CPU
		{49B14137-1EC0-40FB-8AEF-E5C13D7CDFB9}.Subnautica_Release|Any CPU.Build.0 = Subnautica_Release|Any CPU
		{C801C28B-81CB-451F-94B4-251835D2B92A}.BelowZero_Debug|Any CPU.ActiveCfg = BelowZero_Debug|Any CPU
		{C801C28B-81CB-451F-94B4-251835D2B92A}.BelowZero_Debug|Any CPU.Build.0 = BelowZero_Debug|Any CPU
		{C801C28B-81CB-451F-94B4-251835D2B92A}.BelowZero_Release|Any CPU.ActiveCfg = BelowZero_Release|Any CPU
		{C801C28B-81CB-451F-94B4-251835D2B92A}.BelowZero_Release|Any CPU.Build.0 = BelowZero_Release|Any CPU
		{C801C28B-81CB-451F-94B4-251835D2B92A}.Debug|Any CPU.ActiveCfg = Subnautica_Debug|Any CPU
		{C801C28B-81CB-451F-94B4-251835D2B92A}.Release|Any CPU.ActiveCfg = Subnautica_Release|Any CPU
		{C801C28B-81CB-451F-94B4-251835D2B92A}.Subnautica_Debug|Any CPU.ActiveCfg = Subnautica_Debug|Any CPU
		{C801C28B-81CB-451F-94B4-251835D2B92A}.Subnautica_Debug|Any CPU.Build.0 = Subnautica_Debug|Any CPU
		{C801C28B-81CB-451F-94B4-251835D2B92A}.Subnautica_Release|Any CPU.ActiveCfg = Subnautica_Release|Any CPU
		{C801C28B-81CB-451F-94B4-251835D2B92A}.Subnautica_Release|Any CPU.Build.0 = Subnautica_Release|Any CPU
		{3B9555C0-92BA-4604-82FB-D08B2F4A48CB}.BelowZero_Debug|Any CPU.ActiveCfg = BelowZero_Debug|Any CPU
		{3B9555C0-92BA-4604-82FB-D08B2F4A48CB}.BelowZero_Debug|Any CPU.Build.0 = BelowZero_Debug|Any CPU
		{3B9555C0-92BA-4604-82FB-D08B2F4A48CB}.BelowZero_Release|Any CPU.ActiveCfg = BelowZero_Release|Any CPU
		{3B9555C0-92BA-4604-82FB-D08B2F4A48CB}.BelowZero_Release|Any CPU.Build.0 = BelowZero_Release|Any CPU
		{3B9555C0-92BA-4604-82FB-D08B2F4A48CB}.Debug|Any CPU.ActiveCfg = Subnautica_Debug|Any CPU
		{3B9555C0-92BA-4604-82FB-D08B2F4A48CB}.Release|Any CPU.ActiveCfg = Subnautica_Release|Any CPU
		{3B9555C0-92BA-4604-82FB-D08B2F4A48CB}.Subnautica_Debug|Any CPU.ActiveCfg = Subnautica_Debug|Any CPU
		{3B9555C0-92BA-4604-82FB-D08B2F4A48CB}.Subnautica_Debug|Any CPU.Build.0 = Subnautica_Debug|Any CPU
		{3B9555C0-92BA-4604-82FB-D08B2F4A48CB}.Subnautica_Release|Any CPU.ActiveCfg = Subnautica_Release|Any CPU
		{3B9555C0-92BA-4604-82FB-D08B2F4A48CB}.Subnautica_Release|Any CPU.Build.0 = Subnautica_Release|Any CPU
		{17C65A8B-851E-4B42-B946-EC63FF3165E9}.BelowZero_Debug|Any CPU.ActiveCfg = BelowZero_Debug|Any CPU
		{17C65A8B-851E-4B42-B946-EC63FF3165E9}.BelowZero_Debug|Any CPU.Build.0 = BelowZero_Debug|Any CPU
		{17C65A8B-851E-4B42-B946-EC63FF3165E9}.BelowZero_Release|Any CPU.ActiveCfg = BelowZero_Release|Any CPU
		{17C65A8B-851E-4B42-B946-EC63FF3165E9}.BelowZero_Release|Any CPU.Build.0 = BelowZero_Release|Any CPU
		{17C65A8B-851E-4B42-B946-EC63FF3165E9}.Debug|Any CPU.ActiveCfg = Subnautica_Debug|Any CPU
		{17C65A8B-851E-4B42-B946-EC63FF3165E9}.Debug|Any CPU.Build.0 = Subnautica_Debug|Any CPU
		{17C65A8B-851E-4B42-B946-EC63FF3165E9}.Release|Any CPU.ActiveCfg = Subnautica_Release|Any CPU
		{17C65A8B-851E-4B42-B946-EC63FF3165E9}.Release|Any CPU.Build.0 = Subnautica_Release|Any CPU
		{17C65A8B-851E-4B42-B946-EC63FF3165E9}.Subnautica_Debug|Any CPU.ActiveCfg = Subnautica_Debug|Any CPU
		{17C65A8B-851E-4B42-B946-EC63FF3165E9}.Subnautica_Debug|Any CPU.Build.0 = Subnautica_Debug|Any CPU
		{17C65A8B-851E-4B42-B946-EC63FF3165E9}.Subnautica_Release|Any CPU.ActiveCfg = Subnautica_Release|Any CPU
		{17C65A8B-851E-4B42-B946-EC63FF3165E9}.Subnautica_Release|Any CPU.Build.0 = Subnautica_Release|Any CPU
		{1CA339DE-4500-48DB-810C-B2ACD0A35E4F}.BelowZero_Debug|Any CPU.ActiveCfg = BelowZero_Debug|Any CPU
		{1CA339DE-4500-48DB-810C-B2ACD0A35E4F}.BelowZero_Debug|Any CPU.Build.0 = BelowZero_Debug|Any CPU
		{1CA339DE-4500-48DB-810C-B2ACD0A35E4F}.BelowZero_Release|Any CPU.ActiveCfg = BelowZero_Release|Any CPU
		{1CA339DE-4500-48DB-810C-B2ACD0A35E4F}.BelowZero_Release|Any CPU.Build.0 = BelowZero_Release|Any CPU
		{1CA339DE-4500-48DB-810C-B2ACD0A35E4F}.Debug|Any CPU.ActiveCfg = Subnautica_Debug|Any CPU
		{1CA339DE-4500-48DB-810C-B2ACD0A35E4F}.Release|Any CPU.ActiveCfg = Subnautica_Release|Any CPU
		{1CA339DE-4500-48DB-810C-B2ACD0A35E4F}.Subnautica_Debug|Any CPU.ActiveCfg = Subnautica_Debug|Any CPU
		{1CA339DE-4500-48DB-810C-B2ACD0A35E4F}.Subnautica_Debug|Any CPU.Build.0 = Subnautica_Debug|Any CPU
		{1CA339DE-4500-48DB-810C-B2ACD0A35E4F}.Subnautica_Release|Any CPU.ActiveCfg = Subnautica_Release|Any CPU
		{1CA339DE-4500-48DB-810C-B2ACD0A35E4F}.Subnautica_Release|Any CPU.Build.0 = Subnautica_Release|Any CPU
		{4EF5761A-8A89-430E-A0C7-5D9404C86FB8}.BelowZero_Debug|Any CPU.ActiveCfg = BelowZero_Debug|Any CPU
		{4EF5761A-8A89-430E-A0C7-5D9404C86FB8}.BelowZero_Debug|Any CPU.Build.0 = BelowZero_Debug|Any CPU
		{4EF5761A-8A89-430E-A0C7-5D9404C86FB8}.BelowZero_Release|Any CPU.ActiveCfg = BelowZero_Release|Any CPU
		{4EF5761A-8A89-430E-A0C7-5D9404C86FB8}.BelowZero_Release|Any CPU.Build.0 = BelowZero_Release|Any CPU
		{4EF5761A-8A89-430E-A0C7-5D9404C86FB8}.Debug|Any CPU.ActiveCfg = Subnautica_Debug|Any CPU
		{4EF5761A-8A89-430E-A0C7-5D9404C86FB8}.Debug|Any CPU.Build.0 = Subnautica_Debug|Any CPU
		{4EF5761A-8A89-430E-A0C7-5D9404C86FB8}.Release|Any CPU.ActiveCfg = Subnautica_Release|Any CPU
		{4EF5761A-8A89-430E-A0C7-5D9404C86FB8}.Release|Any CPU.Build.0 = Subnautica_Release|Any CPU
		{4EF5761A-8A89-430E-A0C7-5D9404C86FB8}.Subnautica_Debug|Any CPU.ActiveCfg = Subnautica_Debug|Any CPU
		{4EF5761A-8A89-430E-A0C7-5D9404C86FB8}.Subnautica_Debug|Any CPU.Build.0 = Subnautica_Debug|Any CPU
		{4EF5761A-8A89-430E-A0C7-5D9404C86FB8}.Subnautica_Release|Any CPU.ActiveCfg = Subnautica_Release|Any CPU
		{4EF5761A-8A89-430E-A0C7-5D9404C86FB8}.Subnautica_Release|Any CPU.Build.0 = Subnautica_Release|Any CPU
		{5EF4ADB8-3AE7-41EC-83E1-1DAF04999F0E}.BelowZero_Debug|Any CPU.ActiveCfg = BelowZero_Debug|Any CPU
		{5EF4ADB8-3AE7-41EC-83E1-1DAF04999F0E}.BelowZero_Debug|Any CPU.Build.0 = BelowZero_Debug|Any CPU
		{5EF4ADB8-3AE7-41EC-83E1-1DAF04999F0E}.BelowZero_Release|Any CPU.ActiveCfg = BelowZero_Release|Any CPU
		{5EF4ADB8-3AE7-41EC-83E1-1DAF04999F0E}.BelowZero_Release|Any CPU.Build.0 = BelowZero_Release|Any CPU
		{5EF4ADB8-3AE7-41EC-83E1-1DAF04999F0E}.Debug|Any CPU.ActiveCfg = Subnautica_Debug|Any CPU
		{5EF4ADB8-3AE7-41EC-83E1-1DAF04999F0E}.Debug|Any CPU.Build.0 = Subnautica_Debug|Any CPU
		{5EF4ADB8-3AE7-41EC-83E1-1DAF04999F0E}.Release|Any CPU.ActiveCfg = Subnautica_Release|Any CPU
		{5EF4ADB8-3AE7-41EC-83E1-1DAF04999F0E}.Release|Any CPU.Build.0 = Subnautica_Release|Any CPU
		{5EF4ADB8-3AE7-41EC-83E1-1DAF04999F0E}.Subnautica_Debug|Any CPU.ActiveCfg = Subnautica_Debug|Any CPU
		{5EF4ADB8-3AE7-41EC-83E1-1DAF04999F0E}.Subnautica_Debug|Any CPU.Build.0 = Subnautica_Debug|Any CPU
		{5EF4ADB8-3AE7-41EC-83E1-1DAF04999F0E}.Subnautica_Release|Any CPU.ActiveCfg = Subnautica_Release|Any CPU
		{5EF4ADB8-3AE7-41EC-83E1-1DAF04999F0E}.Subnautica_Release|Any CPU.Build.0 = Subnautica_Release|Any CPU
		{3E004A5F-6506-40FF-B4A4-6F2E330E07F5}.BelowZero_Debug|Any CPU.ActiveCfg = BelowZero_Debug|Any CPU
		{3E004A5F-6506-40FF-B4A4-6F2E330E07F5}.BelowZero_Debug|Any CPU.Build.0 = BelowZero_Debug|Any CPU
		{3E004A5F-6506-40FF-B4A4-6F2E330E07F5}.BelowZero_Release|Any CPU.ActiveCfg = BelowZero_Release|Any CPU
		{3E004A5F-6506-40FF-B4A4-6F2E330E07F5}.BelowZero_Release|Any CPU.Build.0 = BelowZero_Release|Any CPU
		{3E004A5F-6506-40FF-B4A4-6F2E330E07F5}.Debug|Any CPU.ActiveCfg = Subnautica_Debug|Any CPU
		{3E004A5F-6506-40FF-B4A4-6F2E330E07F5}.Debug|Any CPU.Build.0 = Subnautica_Debug|Any CPU
		{3E004A5F-6506-40FF-B4A4-6F2E330E07F5}.Release|Any CPU.ActiveCfg = Subnautica_Release|Any CPU
		{3E004A5F-6506-40FF-B4A4-6F2E330E07F5}.Release|Any CPU.Build.0 = Subnautica_Release|Any CPU
		{3E004A5F-6506-40FF-B4A4-6F2E330E07F5}.Subnautica_Debug|Any CPU.ActiveCfg = Subnautica_Debug|Any CPU
		{3E004A5F-6506-40FF-B4A4-6F2E330E07F5}.Subnautica_Debug|Any CPU.Build.0 = Subnautica_Debug|Any CPU
		{3E004A5F-6506-40FF-B4A4-6F2E330E07F5}.Subnautica_Release|Any CPU.ActiveCfg = Subnautica_Release|Any CPU
		{3E004A5F-6506-40FF-B4A4-6F2E330E07F5}.Subnautica_Release|Any CPU.Build.0 = Subnautica_Release|Any CPU
		{01458C4E-3F9D-40A9-AEE5-8CF41FB28A3F}.BelowZero_Debug|Any CPU.ActiveCfg = BelowZero_Debug|Any CPU
		{01458C4E-3F9D-40A9-AEE5-8CF41FB28A3F}.BelowZero_Debug|Any CPU.Build.0 = BelowZero_Debug|Any CPU
		{01458C4E-3F9D-40A9-AEE5-8CF41FB28A3F}.BelowZero_Release|Any CPU.ActiveCfg = BelowZero_Release|Any CPU
		{01458C4E-3F9D-40A9-AEE5-8CF41FB28A3F}.BelowZero_Release|Any CPU.Build.0 = BelowZero_Release|Any CPU
		{01458C4E-3F9D-40A9-AEE5-8CF41FB28A3F}.Debug|Any CPU.ActiveCfg = Subnautica_Debug|Any CPU
		{01458C4E-3F9D-40A9-AEE5-8CF41FB28A3F}.Debug|Any CPU.Build.0 = Subnautica_Debug|Any CPU
		{01458C4E-3F9D-40A9-AEE5-8CF41FB28A3F}.Release|Any CPU.ActiveCfg = Subnautica_Release|Any CPU
		{01458C4E-3F9D-40A9-AEE5-8CF41FB28A3F}.Release|Any CPU.Build.0 = Subnautica_Release|Any CPU
		{01458C4E-3F9D-40A9-AEE5-8CF41FB28A3F}.Subnautica_Debug|Any CPU.ActiveCfg = Subnautica_Debug|Any CPU
		{01458C4E-3F9D-40A9-AEE5-8CF41FB28A3F}.Subnautica_Debug|Any CPU.Build.0 = Subnautica_Debug|Any CPU
		{01458C4E-3F9D-40A9-AEE5-8CF41FB28A3F}.Subnautica_Release|Any CPU.ActiveCfg = Subnautica_Release|Any CPU
		{01458C4E-3F9D-40A9-AEE5-8CF41FB28A3F}.Subnautica_Release|Any CPU.Build.0 = Subnautica_Release|Any CPU
		{427AFE80-762C-47AE-81CE-65701AE8E06F}.BelowZero_Debug|Any CPU.ActiveCfg = BelowZero_Debug|Any CPU
		{427AFE80-762C-47AE-81CE-65701AE8E06F}.BelowZero_Debug|Any CPU.Build.0 = BelowZero_Debug|Any CPU
		{427AFE80-762C-47AE-81CE-65701AE8E06F}.BelowZero_Release|Any CPU.ActiveCfg = BelowZero_Release|Any CPU
		{427AFE80-762C-47AE-81CE-65701AE8E06F}.BelowZero_Release|Any CPU.Build.0 = BelowZero_Release|Any CPU
		{427AFE80-762C-47AE-81CE-65701AE8E06F}.Debug|Any CPU.ActiveCfg = BelowZero_Debug|Any CPU
		{427AFE80-762C-47AE-81CE-65701AE8E06F}.Debug|Any CPU.Build.0 = BelowZero_Debug|Any CPU
		{427AFE80-762C-47AE-81CE-65701AE8E06F}.Release|Any CPU.ActiveCfg = BelowZero_Release|Any CPU
		{427AFE80-762C-47AE-81CE-65701AE8E06F}.Release|Any CPU.Build.0 = BelowZero_Release|Any CPU
		{427AFE80-762C-47AE-81CE-65701AE8E06F}.Subnautica_Debug|Any CPU.ActiveCfg = Subnautica_Debug|Any CPU
		{427AFE80-762C-47AE-81CE-65701AE8E06F}.Subnautica_Debug|Any CPU.Build.0 = Subnautica_Debug|Any CPU
		{427AFE80-762C-47AE-81CE-65701AE8E06F}.Subnautica_Release|Any CPU.ActiveCfg = Subnautica_Release|Any CPU
		{427AFE80-762C-47AE-81CE-65701AE8E06F}.Subnautica_Release|Any CPU.Build.0 = Subnautica_Release|Any CPU
		{893260B0-B246-44FF-B0A3-01C4500332E2}.BelowZero_Debug|Any CPU.ActiveCfg = Debug|Any CPU
		{893260B0-B246-44FF-B0A3-01C4500332E2}.BelowZero_Debug|Any CPU.Build.0 = Debug|Any CPU
		{893260B0-B246-44FF-B0A3-01C4500332E2}.BelowZero_Release|Any CPU.ActiveCfg = Release|Any CPU
		{893260B0-B246-44FF-B0A3-01C4500332E2}.BelowZero_Release|Any CPU.Build.0 = Release|Any CPU
		{893260B0-B246-44FF-B0A3-01C4500332E2}.Debug|Any CPU.ActiveCfg = Debug|Any CPU
		{893260B0-B246-44FF-B0A3-01C4500332E2}.Debug|Any CPU.Build.0 = Debug|Any CPU
		{893260B0-B246-44FF-B0A3-01C4500332E2}.Release|Any CPU.ActiveCfg = Release|Any CPU
		{893260B0-B246-44FF-B0A3-01C4500332E2}.Release|Any CPU.Build.0 = Release|Any CPU
		{893260B0-B246-44FF-B0A3-01C4500332E2}.Subnautica_Debug|Any CPU.ActiveCfg = Debug|Any CPU
		{893260B0-B246-44FF-B0A3-01C4500332E2}.Subnautica_Debug|Any CPU.Build.0 = Debug|Any CPU
		{893260B0-B246-44FF-B0A3-01C4500332E2}.Subnautica_Release|Any CPU.ActiveCfg = Release|Any CPU
		{893260B0-B246-44FF-B0A3-01C4500332E2}.Subnautica_Release|Any CPU.Build.0 = Release|Any CPU
		{A698FF65-E6F7-4924-A84E-F96C81F4D98E}.BelowZero_Debug|Any CPU.ActiveCfg = BelowZero_Debug|Any CPU
		{A698FF65-E6F7-4924-A84E-F96C81F4D98E}.BelowZero_Debug|Any CPU.Build.0 = BelowZero_Debug|Any CPU
		{A698FF65-E6F7-4924-A84E-F96C81F4D98E}.BelowZero_Release|Any CPU.ActiveCfg = BelowZero_Release|Any CPU
		{A698FF65-E6F7-4924-A84E-F96C81F4D98E}.BelowZero_Release|Any CPU.Build.0 = BelowZero_Release|Any CPU
		{A698FF65-E6F7-4924-A84E-F96C81F4D98E}.Debug|Any CPU.ActiveCfg = BelowZero_Debug|Any CPU
		{A698FF65-E6F7-4924-A84E-F96C81F4D98E}.Debug|Any CPU.Build.0 = BelowZero_Debug|Any CPU
		{A698FF65-E6F7-4924-A84E-F96C81F4D98E}.Release|Any CPU.ActiveCfg = BelowZero_Release|Any CPU
		{A698FF65-E6F7-4924-A84E-F96C81F4D98E}.Release|Any CPU.Build.0 = BelowZero_Release|Any CPU
		{A698FF65-E6F7-4924-A84E-F96C81F4D98E}.Subnautica_Debug|Any CPU.ActiveCfg = Subnautica_Debug|Any CPU
		{A698FF65-E6F7-4924-A84E-F96C81F4D98E}.Subnautica_Debug|Any CPU.Build.0 = Subnautica_Debug|Any CPU
		{A698FF65-E6F7-4924-A84E-F96C81F4D98E}.Subnautica_Release|Any CPU.ActiveCfg = Subnautica_Release|Any CPU
		{A698FF65-E6F7-4924-A84E-F96C81F4D98E}.Subnautica_Release|Any CPU.Build.0 = Subnautica_Release|Any CPU
		{2AF5E457-E1AF-4BEF-9681-D8138517765E}.BelowZero_Debug|Any CPU.ActiveCfg = BelowZero_Debug|Any CPU
		{2AF5E457-E1AF-4BEF-9681-D8138517765E}.BelowZero_Debug|Any CPU.Build.0 = BelowZero_Debug|Any CPU
		{2AF5E457-E1AF-4BEF-9681-D8138517765E}.BelowZero_Release|Any CPU.ActiveCfg = BelowZero_Release|Any CPU
		{2AF5E457-E1AF-4BEF-9681-D8138517765E}.BelowZero_Release|Any CPU.Build.0 = BelowZero_Release|Any CPU
		{2AF5E457-E1AF-4BEF-9681-D8138517765E}.Debug|Any CPU.ActiveCfg = BelowZero_Debug|Any CPU
		{2AF5E457-E1AF-4BEF-9681-D8138517765E}.Debug|Any CPU.Build.0 = BelowZero_Debug|Any CPU
		{2AF5E457-E1AF-4BEF-9681-D8138517765E}.Release|Any CPU.ActiveCfg = BelowZero_Release|Any CPU
		{2AF5E457-E1AF-4BEF-9681-D8138517765E}.Release|Any CPU.Build.0 = BelowZero_Release|Any CPU
		{2AF5E457-E1AF-4BEF-9681-D8138517765E}.Subnautica_Debug|Any CPU.ActiveCfg = Subnautica_Debug|Any CPU
		{2AF5E457-E1AF-4BEF-9681-D8138517765E}.Subnautica_Debug|Any CPU.Build.0 = Subnautica_Debug|Any CPU
		{2AF5E457-E1AF-4BEF-9681-D8138517765E}.Subnautica_Release|Any CPU.ActiveCfg = Subnautica_Release|Any CPU
		{2AF5E457-E1AF-4BEF-9681-D8138517765E}.Subnautica_Release|Any CPU.Build.0 = Subnautica_Release|Any CPU
		{F6CC8851-B7EF-41C1-B847-37638356D5C7}.BelowZero_Debug|Any CPU.ActiveCfg = BelowZero_Debug|Any CPU
		{F6CC8851-B7EF-41C1-B847-37638356D5C7}.BelowZero_Debug|Any CPU.Build.0 = BelowZero_Debug|Any CPU
		{F6CC8851-B7EF-41C1-B847-37638356D5C7}.BelowZero_Release|Any CPU.ActiveCfg = BelowZero_Release|Any CPU
		{F6CC8851-B7EF-41C1-B847-37638356D5C7}.BelowZero_Release|Any CPU.Build.0 = BelowZero_Release|Any CPU
		{F6CC8851-B7EF-41C1-B847-37638356D5C7}.Debug|Any CPU.ActiveCfg = BelowZero_Debug|Any CPU
		{F6CC8851-B7EF-41C1-B847-37638356D5C7}.Debug|Any CPU.Build.0 = BelowZero_Debug|Any CPU
		{F6CC8851-B7EF-41C1-B847-37638356D5C7}.Release|Any CPU.ActiveCfg = BelowZero_Release|Any CPU
		{F6CC8851-B7EF-41C1-B847-37638356D5C7}.Release|Any CPU.Build.0 = BelowZero_Release|Any CPU
		{F6CC8851-B7EF-41C1-B847-37638356D5C7}.Subnautica_Debug|Any CPU.ActiveCfg = Subnautica_Debug|Any CPU
		{F6CC8851-B7EF-41C1-B847-37638356D5C7}.Subnautica_Debug|Any CPU.Build.0 = Subnautica_Debug|Any CPU
		{F6CC8851-B7EF-41C1-B847-37638356D5C7}.Subnautica_Release|Any CPU.ActiveCfg = Subnautica_Release|Any CPU
		{F6CC8851-B7EF-41C1-B847-37638356D5C7}.Subnautica_Release|Any CPU.Build.0 = Subnautica_Release|Any CPU
		{6D00D0EC-B7CA-4824-9B06-59925FFEDE10}.BelowZero_Debug|Any CPU.ActiveCfg = BelowZero_Debug|Any CPU
		{6D00D0EC-B7CA-4824-9B06-59925FFEDE10}.BelowZero_Debug|Any CPU.Build.0 = BelowZero_Debug|Any CPU
		{6D00D0EC-B7CA-4824-9B06-59925FFEDE10}.BelowZero_Release|Any CPU.ActiveCfg = BelowZero_Release|Any CPU
		{6D00D0EC-B7CA-4824-9B06-59925FFEDE10}.BelowZero_Release|Any CPU.Build.0 = BelowZero_Release|Any CPU
		{6D00D0EC-B7CA-4824-9B06-59925FFEDE10}.Debug|Any CPU.ActiveCfg = BelowZero_Debug|Any CPU
		{6D00D0EC-B7CA-4824-9B06-59925FFEDE10}.Debug|Any CPU.Build.0 = BelowZero_Debug|Any CPU
		{6D00D0EC-B7CA-4824-9B06-59925FFEDE10}.Release|Any CPU.ActiveCfg = BelowZero_Release|Any CPU
		{6D00D0EC-B7CA-4824-9B06-59925FFEDE10}.Release|Any CPU.Build.0 = BelowZero_Release|Any CPU
		{6D00D0EC-B7CA-4824-9B06-59925FFEDE10}.Subnautica_Debug|Any CPU.ActiveCfg = Subnautica_Debug|Any CPU
		{6D00D0EC-B7CA-4824-9B06-59925FFEDE10}.Subnautica_Debug|Any CPU.Build.0 = Subnautica_Debug|Any CPU
		{6D00D0EC-B7CA-4824-9B06-59925FFEDE10}.Subnautica_Release|Any CPU.ActiveCfg = Subnautica_Release|Any CPU
		{6D00D0EC-B7CA-4824-9B06-59925FFEDE10}.Subnautica_Release|Any CPU.Build.0 = Subnautica_Release|Any CPU
		{5A09FD61-C35F-4DD1-97B3-8E51F055F0F9}.BelowZero_Debug|Any CPU.ActiveCfg = BelowZero_Debug|Any CPU
		{5A09FD61-C35F-4DD1-97B3-8E51F055F0F9}.BelowZero_Debug|Any CPU.Build.0 = BelowZero_Debug|Any CPU
		{5A09FD61-C35F-4DD1-97B3-8E51F055F0F9}.BelowZero_Release|Any CPU.ActiveCfg = BelowZero_Release|Any CPU
		{5A09FD61-C35F-4DD1-97B3-8E51F055F0F9}.BelowZero_Release|Any CPU.Build.0 = BelowZero_Release|Any CPU
		{5A09FD61-C35F-4DD1-97B3-8E51F055F0F9}.Debug|Any CPU.ActiveCfg = BelowZero_Debug|Any CPU
		{5A09FD61-C35F-4DD1-97B3-8E51F055F0F9}.Debug|Any CPU.Build.0 = BelowZero_Debug|Any CPU
		{5A09FD61-C35F-4DD1-97B3-8E51F055F0F9}.Release|Any CPU.ActiveCfg = BelowZero_Release|Any CPU
		{5A09FD61-C35F-4DD1-97B3-8E51F055F0F9}.Release|Any CPU.Build.0 = BelowZero_Release|Any CPU
		{5A09FD61-C35F-4DD1-97B3-8E51F055F0F9}.Subnautica_Debug|Any CPU.ActiveCfg = Subnautica_Debug|Any CPU
		{5A09FD61-C35F-4DD1-97B3-8E51F055F0F9}.Subnautica_Debug|Any CPU.Build.0 = Subnautica_Debug|Any CPU
		{5A09FD61-C35F-4DD1-97B3-8E51F055F0F9}.Subnautica_Release|Any CPU.ActiveCfg = Subnautica_Release|Any CPU
		{5A09FD61-C35F-4DD1-97B3-8E51F055F0F9}.Subnautica_Release|Any CPU.Build.0 = Subnautica_Release|Any CPU
		{3F6924BA-1F59-4884-823E-CB993D32341C}.BelowZero_Debug|Any CPU.ActiveCfg = BelowZero_Debug|Any CPU
		{3F6924BA-1F59-4884-823E-CB993D32341C}.BelowZero_Debug|Any CPU.Build.0 = BelowZero_Debug|Any CPU
		{3F6924BA-1F59-4884-823E-CB993D32341C}.BelowZero_Release|Any CPU.ActiveCfg = BelowZero_Release|Any CPU
		{3F6924BA-1F59-4884-823E-CB993D32341C}.BelowZero_Release|Any CPU.Build.0 = BelowZero_Release|Any CPU
		{3F6924BA-1F59-4884-823E-CB993D32341C}.Debug|Any CPU.ActiveCfg = BelowZero_Debug|Any CPU
		{3F6924BA-1F59-4884-823E-CB993D32341C}.Debug|Any CPU.Build.0 = BelowZero_Debug|Any CPU
		{3F6924BA-1F59-4884-823E-CB993D32341C}.Release|Any CPU.ActiveCfg = BelowZero_Release|Any CPU
		{3F6924BA-1F59-4884-823E-CB993D32341C}.Release|Any CPU.Build.0 = BelowZero_Release|Any CPU
		{3F6924BA-1F59-4884-823E-CB993D32341C}.Subnautica_Debug|Any CPU.ActiveCfg = Subnautica_Debug|Any CPU
		{3F6924BA-1F59-4884-823E-CB993D32341C}.Subnautica_Debug|Any CPU.Build.0 = Subnautica_Debug|Any CPU
		{3F6924BA-1F59-4884-823E-CB993D32341C}.Subnautica_Release|Any CPU.ActiveCfg = Subnautica_Release|Any CPU
		{3F6924BA-1F59-4884-823E-CB993D32341C}.Subnautica_Release|Any CPU.Build.0 = Subnautica_Release|Any CPU
	EndGlobalSection
	GlobalSection(SolutionProperties) = preSolution
		HideSolutionNode = FALSE
	EndGlobalSection
	GlobalSection(NestedProjects) = preSolution
		{DBC34043-0F09-42EF-BEB9-F59CBC6DF16F} = {EF09DBF9-7AA5-4782-B27B-7C67D1FF8B68}
		{32A3F9B5-9089-4478-B706-952B706F08DA} = {BB083365-CF95-4763-BF65-8338CA68196D}
		{8ADCD8FA-1EB3-4DF7-A44D-F689322AAC03} = {AD76B8B7-4004-4D73-AFFA-41EE1F6DB241}
		{A6D5F567-127A-4EE3-9959-8C228B040290} = {BB083365-CF95-4763-BF65-8338CA68196D}
		{B260A268-5873-4147-953C-1EF67A65CB4E} = {6E36DA48-6498-4C58-8BF6-85923E5F6460}
		{4963C014-F97E-4124-B3C7-9F7BB790E1BF} = {F921AD09-63FB-40E2-9442-3103617543F3}
		{FFA8C60F-F2D5-461C-BBD2-17E35A013FDF} = {E2AD5E97-7843-49E2-A9B3-3CD79E463FA0}
		{CD77B27C-8AAB-4CA4-9CDF-93A4688942AB} = {BB083365-CF95-4763-BF65-8338CA68196D}
		{61D8BA15-EE91-4245-BFC1-70064ADD23E0} = {BB083365-CF95-4763-BF65-8338CA68196D}
		{49B14137-1EC0-40FB-8AEF-E5C13D7CDFB9} = {3FD179AD-5C6F-4627-B5BB-D6B6CD72E1FF}
		{C801C28B-81CB-451F-94B4-251835D2B92A} = {0B894656-1BA7-4F41-9311-D1C8D4F0D4CF}
		{3B9555C0-92BA-4604-82FB-D08B2F4A48CB} = {AA6F6314-8329-4CB3-BD62-2D210717D94B}
		{17C65A8B-851E-4B42-B946-EC63FF3165E9} = {AA6F6314-8329-4CB3-BD62-2D210717D94B}
		{1CA339DE-4500-48DB-810C-B2ACD0A35E4F} = {AA6F6314-8329-4CB3-BD62-2D210717D94B}
		{4EF5761A-8A89-430E-A0C7-5D9404C86FB8} = {AA6F6314-8329-4CB3-BD62-2D210717D94B}
		{5EF4ADB8-3AE7-41EC-83E1-1DAF04999F0E} = {6E36DA48-6498-4C58-8BF6-85923E5F6460}
		{3E004A5F-6506-40FF-B4A4-6F2E330E07F5} = {AA6F6314-8329-4CB3-BD62-2D210717D94B}
		{01458C4E-3F9D-40A9-AEE5-8CF41FB28A3F} = {415346D1-ED99-46DE-B7FE-85B6F311658D}
		{427AFE80-762C-47AE-81CE-65701AE8E06F} = {AA6F6314-8329-4CB3-BD62-2D210717D94B}
		{893260B0-B246-44FF-B0A3-01C4500332E2} = {415346D1-ED99-46DE-B7FE-85B6F311658D}
		{A698FF65-E6F7-4924-A84E-F96C81F4D98E} = {0B894656-1BA7-4F41-9311-D1C8D4F0D4CF}
		{8BE2EE17-2FAD-4E56-BF48-F9DEF4880348} = {EF09DBF9-7AA5-4782-B27B-7C67D1FF8B68}
		{2AF5E457-E1AF-4BEF-9681-D8138517765E} = {2FA5979D-4946-4A08-B082-0CCEFA931FB1}
		{F6CC8851-B7EF-41C1-B847-37638356D5C7} = {BB083365-CF95-4763-BF65-8338CA68196D}
		{2FA5979D-4946-4A08-B082-0CCEFA931FB1} = {BB083365-CF95-4763-BF65-8338CA68196D}
		{6D00D0EC-B7CA-4824-9B06-59925FFEDE10} = {2FA5979D-4946-4A08-B082-0CCEFA931FB1}
		{5A09FD61-C35F-4DD1-97B3-8E51F055F0F9} = {2FA5979D-4946-4A08-B082-0CCEFA931FB1}
		{3F6924BA-1F59-4884-823E-CB993D32341C} = {3FD179AD-5C6F-4627-B5BB-D6B6CD72E1FF}
	EndGlobalSection
	GlobalSection(ExtensibilityGlobals) = postSolution
		SolutionGuid = {73E25955-B56F-4639-89F3-4CE5F3EBD59D}
	EndGlobalSection
EndGlobal
