
Microsoft Visual Studio Solution File, Format Version 12.00
# Visual Studio Version 17
VisualStudioVersion = 17.4.33213.308
MinimumVisualStudioVersion = 10.0.40219.1
Project("{FAE04EC0-301F-11D3-BF4B-00C04F79EFBC}") = "FCS_AlterraHub", "AlterraHub\FCS_AlterraHub.csproj", "{4A29DAED-B700-44CD-BE37-C3A330FF44E5}"
EndProject
Project("{D954291E-2A0B-460D-934E-DC6B0785DB48}") = "FCSCommon", "FCSCommon\FCSCommon.shproj", "{DBC34043-0F09-42EF-BEB9-F59CBC6DF16F}"
EndProject
Project("{2150E333-8FDC-42A3-9474-1A3956D46DE8}") = "Shared", "Shared", "{9BF62354-EE70-44DB-B4EC-C9969A77FF04}"
EndProject
Project("{FAE04EC0-301F-11D3-BF4B-00C04F79EFBC}") = "FCS_ProductionSolutions", "FCS_ProductionSolutions\FCS_ProductionSolutions.csproj", "{3331C3E6-1E5C-4773-BE72-B79987483939}"
EndProject
Global
	GlobalSection(SolutionConfigurationPlatforms) = preSolution
		BZ_Stable|Any CPU = BZ_Stable|Any CPU
		Debug|Any CPU = Debug|Any CPU
		Release|Any CPU = Release|Any CPU
		SN_Stable|Any CPU = SN_Stable|Any CPU
	EndGlobalSection
	GlobalSection(ProjectConfigurationPlatforms) = postSolution
		{4A29DAED-B700-44CD-BE37-C3A330FF44E5}.BZ_Stable|Any CPU.ActiveCfg = BZ_Stable|Any CPU
		{4A29DAED-B700-44CD-BE37-C3A330FF44E5}.BZ_Stable|Any CPU.Build.0 = BZ_Stable|Any CPU
		{4A29DAED-B700-44CD-BE37-C3A330FF44E5}.Debug|Any CPU.ActiveCfg = BZ_Exp|Any CPU
		{4A29DAED-B700-44CD-BE37-C3A330FF44E5}.Debug|Any CPU.Build.0 = BZ_Exp|Any CPU
		{4A29DAED-B700-44CD-BE37-C3A330FF44E5}.Release|Any CPU.ActiveCfg = BZ_Exp|Any CPU
		{4A29DAED-B700-44CD-BE37-C3A330FF44E5}.Release|Any CPU.Build.0 = BZ_Exp|Any CPU
		{4A29DAED-B700-44CD-BE37-C3A330FF44E5}.SN_Stable|Any CPU.ActiveCfg = SN_Stable|Any CPU
		{4A29DAED-B700-44CD-BE37-C3A330FF44E5}.SN_Stable|Any CPU.Build.0 = SN_Stable|Any CPU
		{3331C3E6-1E5C-4773-BE72-B79987483939}.BZ_Stable|Any CPU.ActiveCfg = BZ_Stable|Any CPU
		{3331C3E6-1E5C-4773-BE72-B79987483939}.BZ_Stable|Any CPU.Build.0 = BZ_Stable|Any CPU
		{3331C3E6-1E5C-4773-BE72-B79987483939}.Debug|Any CPU.ActiveCfg = Debug|Any CPU
		{3331C3E6-1E5C-4773-BE72-B79987483939}.Debug|Any CPU.Build.0 = Debug|Any CPU
		{3331C3E6-1E5C-4773-BE72-B79987483939}.Release|Any CPU.ActiveCfg = Release|Any CPU
		{3331C3E6-1E5C-4773-BE72-B79987483939}.Release|Any CPU.Build.0 = Release|Any CPU
		{3331C3E6-1E5C-4773-BE72-B79987483939}.SN_Stable|Any CPU.ActiveCfg = SN_Stable|Any CPU
		{3331C3E6-1E5C-4773-BE72-B79987483939}.SN_Stable|Any CPU.Build.0 = SN_Stable|Any CPU
	EndGlobalSection
	GlobalSection(SolutionProperties) = preSolution
		HideSolutionNode = FALSE
	EndGlobalSection
	GlobalSection(NestedProjects) = preSolution
		{DBC34043-0F09-42EF-BEB9-F59CBC6DF16F} = {9BF62354-EE70-44DB-B4EC-C9969A77FF04}
	EndGlobalSection
	GlobalSection(ExtensibilityGlobals) = postSolution
		SolutionGuid = {B0091608-19B2-4B70-8625-26B173F266D1}
	EndGlobalSection
	GlobalSection(SharedMSBuildProjectFiles) = preSolution
		FCSCommon\FCSCommon.projitems*{3331c3e6-1e5c-4773-be72-b79987483939}*SharedItemsImports = 4
		FCSCommon\FCSCommon.projitems*{4a29daed-b700-44cd-be37-c3a330ff44e5}*SharedItemsImports = 4
		FCSCommon\FCSCommon.projitems*{dbc34043-0f09-42ef-beb9-f59cbc6df16f}*SharedItemsImports = 13
	EndGlobalSection
EndGlobal
